
Microsoft Visual Studio Solution File, Format Version 12.00
# Visual Studio Version 17
VisualStudioVersion = 17.3.32819.101
MinimumVisualStudioVersion = 10.0.40219.1
Project("{FAE04EC0-301F-11D3-BF4B-00C04F79EFBC}") = "CourseAPI", "Course.API\CourseAPI.csproj", "{94FC9196-E2B0-4816-90AF-08FD3D9A462B}"
EndProject
Global
	GlobalSection(SolutionConfigurationPlatforms) = preSolution
		Debug|Any CPU = Debug|Any CPU
		Release|Any CPU = Release|Any CPU
	EndGlobalSection
	GlobalSection(ProjectConfigurationPlatforms) = postSolution
		{94FC9196-E2B0-4816-90AF-08FD3D9A462B}.Debug|Any CPU.ActiveCfg = Debug|Any CPU
		{94FC9196-E2B0-4816-90AF-08FD3D9A462B}.Debug|Any CPU.Build.0 = Debug|Any CPU
		{94FC9196-E2B0-4816-90AF-08FD3D9A462B}.Release|Any CPU.ActiveCfg = Release|Any CPU
		{94FC9196-E2B0-4816-90AF-08FD3D9A462B}.Release|Any CPU.Build.0 = Release|Any CPU
	EndGlobalSection
	GlobalSection(SolutionProperties) = preSolution
		HideSolutionNode = FALSE
	EndGlobalSection
	GlobalSection(ExtensibilityGlobals) = postSolution
		SolutionGuid = {A5820D2C-D9A3-4137-A04E-AD215FD7EF83}
	EndGlobalSection
EndGlobal
